
Microsoft Visual Studio Solution File, Format Version 12.00
# Visual Studio Version 16
VisualStudioVersion = 16.0.810.0
MinimumVisualStudioVersion = 10.0.40219.1
Project("{FAE04EC0-301F-11D3-BF4B-00C04F79EFBC}") = "Inspector.Android", "Inspector.Android\Inspector.Android.csproj", "{7E253AA0-FD68-4C1C-9E69-0EA35136AAA3}"
EndProject
Project("{FAE04EC0-301F-11D3-BF4B-00C04F79EFBC}") = "Inspector.iOS", "Inspector.iOS\Inspector.iOS.csproj", "{94429F43-74C7-40E0-8996-5AB1EBDA2AF3}"
EndProject
Project("{9A19103F-16F7-4668-BE54-9A1E7A4F7556}") = "Inspector", "Inspector\Inspector.csproj", "{11A5905B-0D99-4B81-AA50-BFCCAC446E22}"
EndProject
Project("{2150E333-8FDC-42A3-9474-1A3956D46DE8}") = "Targets", "Targets", "{6D11A9F7-1A66-4ECD-9F25-2BDC8678C189}"
EndProject
Project("{2150E333-8FDC-42A3-9474-1A3956D46DE8}") = "Modules", "Modules", "{330FF4A1-2CA3-475E-A121-E7F77543C722}"
EndProject
Project("{9A19103F-16F7-4668-BE54-9A1E7A4F7556}") = "UIModule", "xamarin-ui-module\UIModule\UIModule.csproj", "{8661F96D-151E-4BC4-9521-2B193B720686}"
EndProject
Project("{9A19103F-16F7-4668-BE54-9A1E7A4F7556}") = "Zammad.Client", "Zammad.Client\src\Zammad.Client\Zammad.Client.csproj", "{F7C18AA0-7C04-470A-B97A-A094E4E04DC4}"
EndProject
Global
	GlobalSection(SolutionConfigurationPlatforms) = preSolution
		Debug|Any CPU = Debug|Any CPU
		Debug|iPhone = Debug|iPhone
		Debug|iPhoneSimulator = Debug|iPhoneSimulator
		Debug-Agent|Any CPU = Debug-Agent|Any CPU
		Debug-Agent|iPhone = Debug-Agent|iPhone
		Debug-Agent|iPhoneSimulator = Debug-Agent|iPhoneSimulator
		Release|Any CPU = Release|Any CPU
		Release|iPhone = Release|iPhone
		Release|iPhoneSimulator = Release|iPhoneSimulator
		Release-Agent|Any CPU = Release-Agent|Any CPU
		Release-Agent|iPhone = Release-Agent|iPhone
		Release-Agent|iPhoneSimulator = Release-Agent|iPhoneSimulator
	EndGlobalSection
	GlobalSection(ProjectConfigurationPlatforms) = postSolution
		{7E253AA0-FD68-4C1C-9E69-0EA35136AAA3}.Debug|Any CPU.ActiveCfg = Debug|Any CPU
		{7E253AA0-FD68-4C1C-9E69-0EA35136AAA3}.Debug|Any CPU.Build.0 = Debug|Any CPU
		{7E253AA0-FD68-4C1C-9E69-0EA35136AAA3}.Debug|Any CPU.Deploy.0 = Debug|Any CPU
		{7E253AA0-FD68-4C1C-9E69-0EA35136AAA3}.Debug|iPhone.ActiveCfg = Debug|Any CPU
		{7E253AA0-FD68-4C1C-9E69-0EA35136AAA3}.Debug|iPhone.Build.0 = Debug|Any CPU
		{7E253AA0-FD68-4C1C-9E69-0EA35136AAA3}.Debug|iPhoneSimulator.ActiveCfg = Debug|Any CPU
		{7E253AA0-FD68-4C1C-9E69-0EA35136AAA3}.Debug|iPhoneSimulator.Build.0 = Debug|Any CPU
		{7E253AA0-FD68-4C1C-9E69-0EA35136AAA3}.Debug-Agent|Any CPU.ActiveCfg = Debug-Agent|Any CPU
		{7E253AA0-FD68-4C1C-9E69-0EA35136AAA3}.Debug-Agent|Any CPU.Build.0 = Debug-Agent|Any CPU
		{7E253AA0-FD68-4C1C-9E69-0EA35136AAA3}.Debug-Agent|Any CPU.Deploy.0 = Debug-Agent|Any CPU
		{7E253AA0-FD68-4C1C-9E69-0EA35136AAA3}.Debug-Agent|iPhone.ActiveCfg = Debug-Agent|Any CPU
		{7E253AA0-FD68-4C1C-9E69-0EA35136AAA3}.Debug-Agent|iPhone.Build.0 = Debug-Agent|Any CPU
		{7E253AA0-FD68-4C1C-9E69-0EA35136AAA3}.Debug-Agent|iPhone.Deploy.0 = Debug-Agent|Any CPU
		{7E253AA0-FD68-4C1C-9E69-0EA35136AAA3}.Debug-Agent|iPhoneSimulator.ActiveCfg = Debug-Agent|Any CPU
		{7E253AA0-FD68-4C1C-9E69-0EA35136AAA3}.Debug-Agent|iPhoneSimulator.Build.0 = Debug-Agent|Any CPU
		{7E253AA0-FD68-4C1C-9E69-0EA35136AAA3}.Debug-Agent|iPhoneSimulator.Deploy.0 = Debug-Agent|Any CPU
		{7E253AA0-FD68-4C1C-9E69-0EA35136AAA3}.Release|Any CPU.ActiveCfg = Release|Any CPU
		{7E253AA0-FD68-4C1C-9E69-0EA35136AAA3}.Release|Any CPU.Build.0 = Release|Any CPU
		{7E253AA0-FD68-4C1C-9E69-0EA35136AAA3}.Release|Any CPU.Deploy.0 = Release|Any CPU
		{7E253AA0-FD68-4C1C-9E69-0EA35136AAA3}.Release|iPhone.ActiveCfg = Release|Any CPU
		{7E253AA0-FD68-4C1C-9E69-0EA35136AAA3}.Release|iPhone.Build.0 = Release|Any CPU
		{7E253AA0-FD68-4C1C-9E69-0EA35136AAA3}.Release|iPhoneSimulator.ActiveCfg = Release|Any CPU
		{7E253AA0-FD68-4C1C-9E69-0EA35136AAA3}.Release|iPhoneSimulator.Build.0 = Release|Any CPU
		{7E253AA0-FD68-4C1C-9E69-0EA35136AAA3}.Release-Agent|Any CPU.ActiveCfg = Release-Agent|Any CPU
		{7E253AA0-FD68-4C1C-9E69-0EA35136AAA3}.Release-Agent|Any CPU.Build.0 = Release-Agent|Any CPU
		{7E253AA0-FD68-4C1C-9E69-0EA35136AAA3}.Release-Agent|Any CPU.Deploy.0 = Release-Agent|Any CPU
		{7E253AA0-FD68-4C1C-9E69-0EA35136AAA3}.Release-Agent|iPhone.ActiveCfg = Release-Agent|Any CPU
		{7E253AA0-FD68-4C1C-9E69-0EA35136AAA3}.Release-Agent|iPhone.Build.0 = Release-Agent|Any CPU
		{7E253AA0-FD68-4C1C-9E69-0EA35136AAA3}.Release-Agent|iPhone.Deploy.0 = Release-Agent|Any CPU
		{7E253AA0-FD68-4C1C-9E69-0EA35136AAA3}.Release-Agent|iPhoneSimulator.ActiveCfg = Release-Agent|Any CPU
		{7E253AA0-FD68-4C1C-9E69-0EA35136AAA3}.Release-Agent|iPhoneSimulator.Build.0 = Release-Agent|Any CPU
		{7E253AA0-FD68-4C1C-9E69-0EA35136AAA3}.Release-Agent|iPhoneSimulator.Deploy.0 = Release-Agent|Any CPU
		{94429F43-74C7-40E0-8996-5AB1EBDA2AF3}.Debug|Any CPU.ActiveCfg = Debug|iPhoneSimulator
		{94429F43-74C7-40E0-8996-5AB1EBDA2AF3}.Debug|Any CPU.Build.0 = Debug|iPhoneSimulator
		{94429F43-74C7-40E0-8996-5AB1EBDA2AF3}.Debug|iPhone.ActiveCfg = Debug|iPhone
		{94429F43-74C7-40E0-8996-5AB1EBDA2AF3}.Debug|iPhone.Build.0 = Debug|iPhone
		{94429F43-74C7-40E0-8996-5AB1EBDA2AF3}.Debug|iPhoneSimulator.ActiveCfg = Debug|iPhoneSimulator
		{94429F43-74C7-40E0-8996-5AB1EBDA2AF3}.Debug|iPhoneSimulator.Build.0 = Debug|iPhoneSimulator
		{94429F43-74C7-40E0-8996-5AB1EBDA2AF3}.Debug-Agent|Any CPU.ActiveCfg = Debug-Agent|iPhoneSimulator
		{94429F43-74C7-40E0-8996-5AB1EBDA2AF3}.Debug-Agent|Any CPU.Build.0 = Debug-Agent|iPhoneSimulator
		{94429F43-74C7-40E0-8996-5AB1EBDA2AF3}.Debug-Agent|iPhone.ActiveCfg = Debug-Agent|iPhone
		{94429F43-74C7-40E0-8996-5AB1EBDA2AF3}.Debug-Agent|iPhone.Build.0 = Debug-Agent|iPhone
		{94429F43-74C7-40E0-8996-5AB1EBDA2AF3}.Debug-Agent|iPhoneSimulator.ActiveCfg = Debug-Agent|iPhoneSimulator
		{94429F43-74C7-40E0-8996-5AB1EBDA2AF3}.Debug-Agent|iPhoneSimulator.Build.0 = Debug-Agent|iPhoneSimulator
		{94429F43-74C7-40E0-8996-5AB1EBDA2AF3}.Release|Any CPU.ActiveCfg = Release|iPhoneSimulator
		{94429F43-74C7-40E0-8996-5AB1EBDA2AF3}.Release|Any CPU.Build.0 = Release|iPhoneSimulator
		{94429F43-74C7-40E0-8996-5AB1EBDA2AF3}.Release|iPhone.ActiveCfg = Release|iPhone
		{94429F43-74C7-40E0-8996-5AB1EBDA2AF3}.Release|iPhone.Build.0 = Release|iPhone
		{94429F43-74C7-40E0-8996-5AB1EBDA2AF3}.Release|iPhoneSimulator.ActiveCfg = Release|iPhoneSimulator
		{94429F43-74C7-40E0-8996-5AB1EBDA2AF3}.Release|iPhoneSimulator.Build.0 = Release|iPhoneSimulator
		{94429F43-74C7-40E0-8996-5AB1EBDA2AF3}.Release-Agent|Any CPU.ActiveCfg = Release-Agent|iPhone
		{94429F43-74C7-40E0-8996-5AB1EBDA2AF3}.Release-Agent|iPhone.ActiveCfg = Release-Agent|iPhone
		{94429F43-74C7-40E0-8996-5AB1EBDA2AF3}.Release-Agent|iPhone.Build.0 = Release-Agent|iPhone
		{94429F43-74C7-40E0-8996-5AB1EBDA2AF3}.Release-Agent|iPhoneSimulator.ActiveCfg = Release-Agent|iPhoneSimulator
		{94429F43-74C7-40E0-8996-5AB1EBDA2AF3}.Release-Agent|iPhoneSimulator.Build.0 = Release-Agent|iPhoneSimulator
		{11A5905B-0D99-4B81-AA50-BFCCAC446E22}.Debug|Any CPU.ActiveCfg = Debug|Any CPU
		{11A5905B-0D99-4B81-AA50-BFCCAC446E22}.Debug|Any CPU.Build.0 = Debug|Any CPU
		{11A5905B-0D99-4B81-AA50-BFCCAC446E22}.Debug|iPhone.ActiveCfg = Debug|Any CPU
		{11A5905B-0D99-4B81-AA50-BFCCAC446E22}.Debug|iPhone.Build.0 = Debug|Any CPU
		{11A5905B-0D99-4B81-AA50-BFCCAC446E22}.Debug|iPhoneSimulator.ActiveCfg = Debug|Any CPU
		{11A5905B-0D99-4B81-AA50-BFCCAC446E22}.Debug|iPhoneSimulator.Build.0 = Debug|Any CPU
		{11A5905B-0D99-4B81-AA50-BFCCAC446E22}.Debug-Agent|Any CPU.ActiveCfg = Debug-Agent|Any CPU
		{11A5905B-0D99-4B81-AA50-BFCCAC446E22}.Debug-Agent|Any CPU.Build.0 = Debug-Agent|Any CPU
		{11A5905B-0D99-4B81-AA50-BFCCAC446E22}.Debug-Agent|iPhone.ActiveCfg = Debug-Agent|Any CPU
		{11A5905B-0D99-4B81-AA50-BFCCAC446E22}.Debug-Agent|iPhone.Build.0 = Debug-Agent|Any CPU
		{11A5905B-0D99-4B81-AA50-BFCCAC446E22}.Debug-Agent|iPhoneSimulator.ActiveCfg = Debug-Agent|Any CPU
		{11A5905B-0D99-4B81-AA50-BFCCAC446E22}.Debug-Agent|iPhoneSimulator.Build.0 = Debug-Agent|Any CPU
		{11A5905B-0D99-4B81-AA50-BFCCAC446E22}.Release|Any CPU.ActiveCfg = Release|Any CPU
		{11A5905B-0D99-4B81-AA50-BFCCAC446E22}.Release|Any CPU.Build.0 = Release|Any CPU
		{11A5905B-0D99-4B81-AA50-BFCCAC446E22}.Release|iPhone.ActiveCfg = Release|Any CPU
		{11A5905B-0D99-4B81-AA50-BFCCAC446E22}.Release|iPhone.Build.0 = Release|Any CPU
		{11A5905B-0D99-4B81-AA50-BFCCAC446E22}.Release|iPhoneSimulator.ActiveCfg = Release|Any CPU
		{11A5905B-0D99-4B81-AA50-BFCCAC446E22}.Release|iPhoneSimulator.Build.0 = Release|Any CPU
		{11A5905B-0D99-4B81-AA50-BFCCAC446E22}.Release-Agent|Any CPU.ActiveCfg = Release-Agent|Any CPU
		{11A5905B-0D99-4B81-AA50-BFCCAC446E22}.Release-Agent|Any CPU.Build.0 = Release-Agent|Any CPU
		{11A5905B-0D99-4B81-AA50-BFCCAC446E22}.Release-Agent|iPhone.ActiveCfg = Release-Agent|Any CPU
		{11A5905B-0D99-4B81-AA50-BFCCAC446E22}.Release-Agent|iPhone.Build.0 = Release-Agent|Any CPU
		{11A5905B-0D99-4B81-AA50-BFCCAC446E22}.Release-Agent|iPhoneSimulator.ActiveCfg = Release-Agent|Any CPU
		{11A5905B-0D99-4B81-AA50-BFCCAC446E22}.Release-Agent|iPhoneSimulator.Build.0 = Release-Agent|Any CPU
		{8661F96D-151E-4BC4-9521-2B193B720686}.Debug|Any CPU.ActiveCfg = Debug|Any CPU
		{8661F96D-151E-4BC4-9521-2B193B720686}.Debug|Any CPU.Build.0 = Debug|Any CPU
		{8661F96D-151E-4BC4-9521-2B193B720686}.Debug|iPhone.ActiveCfg = Debug|Any CPU
		{8661F96D-151E-4BC4-9521-2B193B720686}.Debug|iPhone.Build.0 = Debug|Any CPU
		{8661F96D-151E-4BC4-9521-2B193B720686}.Debug|iPhoneSimulator.ActiveCfg = Debug|Any CPU
		{8661F96D-151E-4BC4-9521-2B193B720686}.Debug|iPhoneSimulator.Build.0 = Debug|Any CPU
		{8661F96D-151E-4BC4-9521-2B193B720686}.Debug-Agent|Any CPU.ActiveCfg = Debug-Agent|Any CPU
		{8661F96D-151E-4BC4-9521-2B193B720686}.Debug-Agent|Any CPU.Build.0 = Debug-Agent|Any CPU
		{8661F96D-151E-4BC4-9521-2B193B720686}.Debug-Agent|iPhone.ActiveCfg = Debug-Agent|Any CPU
		{8661F96D-151E-4BC4-9521-2B193B720686}.Debug-Agent|iPhone.Build.0 = Debug-Agent|Any CPU
		{8661F96D-151E-4BC4-9521-2B193B720686}.Debug-Agent|iPhoneSimulator.ActiveCfg = Debug-Agent|Any CPU
		{8661F96D-151E-4BC4-9521-2B193B720686}.Debug-Agent|iPhoneSimulator.Build.0 = Debug-Agent|Any CPU
		{8661F96D-151E-4BC4-9521-2B193B720686}.Release|Any CPU.ActiveCfg = Release|Any CPU
		{8661F96D-151E-4BC4-9521-2B193B720686}.Release|Any CPU.Build.0 = Release|Any CPU
		{8661F96D-151E-4BC4-9521-2B193B720686}.Release|iPhone.ActiveCfg = Release|Any CPU
		{8661F96D-151E-4BC4-9521-2B193B720686}.Release|iPhone.Build.0 = Release|Any CPU
		{8661F96D-151E-4BC4-9521-2B193B720686}.Release|iPhoneSimulator.ActiveCfg = Release|Any CPU
		{8661F96D-151E-4BC4-9521-2B193B720686}.Release|iPhoneSimulator.Build.0 = Release|Any CPU
		{8661F96D-151E-4BC4-9521-2B193B720686}.Release-Agent|Any CPU.ActiveCfg = Release-Agent|Any CPU
		{8661F96D-151E-4BC4-9521-2B193B720686}.Release-Agent|Any CPU.Build.0 = Release-Agent|Any CPU
		{8661F96D-151E-4BC4-9521-2B193B720686}.Release-Agent|iPhone.ActiveCfg = Release-Agent|Any CPU
		{8661F96D-151E-4BC4-9521-2B193B720686}.Release-Agent|iPhone.Build.0 = Release-Agent|Any CPU
		{8661F96D-151E-4BC4-9521-2B193B720686}.Release-Agent|iPhoneSimulator.ActiveCfg = Release-Agent|Any CPU
		{8661F96D-151E-4BC4-9521-2B193B720686}.Release-Agent|iPhoneSimulator.Build.0 = Release-Agent|Any CPU
		{F7C18AA0-7C04-470A-B97A-A094E4E04DC4}.Debug|Any CPU.ActiveCfg = Debug|Any CPU
		{F7C18AA0-7C04-470A-B97A-A094E4E04DC4}.Debug|Any CPU.Build.0 = Debug|Any CPU
		{F7C18AA0-7C04-470A-B97A-A094E4E04DC4}.Debug|iPhone.ActiveCfg = Debug|Any CPU
		{F7C18AA0-7C04-470A-B97A-A094E4E04DC4}.Debug|iPhone.Build.0 = Debug|Any CPU
		{F7C18AA0-7C04-470A-B97A-A094E4E04DC4}.Debug|iPhoneSimulator.ActiveCfg = Debug|Any CPU
		{F7C18AA0-7C04-470A-B97A-A094E4E04DC4}.Debug|iPhoneSimulator.Build.0 = Debug|Any CPU
		{F7C18AA0-7C04-470A-B97A-A094E4E04DC4}.Debug-Agent|Any CPU.ActiveCfg = Debug|Any CPU
		{F7C18AA0-7C04-470A-B97A-A094E4E04DC4}.Debug-Agent|Any CPU.Build.0 = Debug|Any CPU
		{F7C18AA0-7C04-470A-B97A-A094E4E04DC4}.Debug-Agent|iPhone.ActiveCfg = Debug|Any CPU
		{F7C18AA0-7C04-470A-B97A-A094E4E04DC4}.Debug-Agent|iPhone.Build.0 = Debug|Any CPU
		{F7C18AA0-7C04-470A-B97A-A094E4E04DC4}.Debug-Agent|iPhoneSimulator.ActiveCfg = Debug|Any CPU
		{F7C18AA0-7C04-470A-B97A-A094E4E04DC4}.Debug-Agent|iPhoneSimulator.Build.0 = Debug|Any CPU
		{F7C18AA0-7C04-470A-B97A-A094E4E04DC4}.Release|Any CPU.ActiveCfg = Release|Any CPU
		{F7C18AA0-7C04-470A-B97A-A094E4E04DC4}.Release|Any CPU.Build.0 = Release|Any CPU
		{F7C18AA0-7C04-470A-B97A-A094E4E04DC4}.Release|iPhone.ActiveCfg = Release|Any CPU
		{F7C18AA0-7C04-470A-B97A-A094E4E04DC4}.Release|iPhone.Build.0 = Release|Any CPU
		{F7C18AA0-7C04-470A-B97A-A094E4E04DC4}.Release|iPhoneSimulator.ActiveCfg = Release|Any CPU
		{F7C18AA0-7C04-470A-B97A-A094E4E04DC4}.Release|iPhoneSimulator.Build.0 = Release|Any CPU
		{F7C18AA0-7C04-470A-B97A-A094E4E04DC4}.Release-Agent|Any CPU.ActiveCfg = Debug|Any CPU
		{F7C18AA0-7C04-470A-B97A-A094E4E04DC4}.Release-Agent|Any CPU.Build.0 = Debug|Any CPU
		{F7C18AA0-7C04-470A-B97A-A094E4E04DC4}.Release-Agent|iPhone.ActiveCfg = Release-Agent|Any CPU
		{F7C18AA0-7C04-470A-B97A-A094E4E04DC4}.Release-Agent|iPhone.Build.0 = Release-Agent|Any CPU
		{F7C18AA0-7C04-470A-B97A-A094E4E04DC4}.Release-Agent|iPhoneSimulator.ActiveCfg = Release-Agent|Any CPU
		{F7C18AA0-7C04-470A-B97A-A094E4E04DC4}.Release-Agent|iPhoneSimulator.Build.0 = Release-Agent|Any CPU
	EndGlobalSection
	GlobalSection(SolutionProperties) = preSolution
		HideSolutionNode = FALSE
	EndGlobalSection
	GlobalSection(NestedProjects) = preSolution
		{7E253AA0-FD68-4C1C-9E69-0EA35136AAA3} = {6D11A9F7-1A66-4ECD-9F25-2BDC8678C189}
		{94429F43-74C7-40E0-8996-5AB1EBDA2AF3} = {6D11A9F7-1A66-4ECD-9F25-2BDC8678C189}
		{8661F96D-151E-4BC4-9521-2B193B720686} = {330FF4A1-2CA3-475E-A121-E7F77543C722}
		{F7C18AA0-7C04-470A-B97A-A094E4E04DC4} = {330FF4A1-2CA3-475E-A121-E7F77543C722}
	EndGlobalSection
	GlobalSection(ExtensibilityGlobals) = postSolution
		SolutionGuid = {EADD099E-C829-4B8B-BE2E-588FE8BEBBF3}
	EndGlobalSection
EndGlobal
