
Microsoft Visual Studio Solution File, Format Version 12.00
# Visual Studio Version 16
VisualStudioVersion = 16.0.810.0
MinimumVisualStudioVersion = 10.0.40219.1
Project("{FAE04EC0-301F-11D3-BF4B-00C04F79EFBC}") = "Inspector.Android", "Inspector.Android\Inspector.Android.csproj", "{7E253AA0-FD68-4C1C-9E69-0EA35136AAA3}"
EndProject
Project("{FAE04EC0-301F-11D3-BF4B-00C04F79EFBC}") = "Inspector.iOS", "Inspector.iOS\Inspector.iOS.csproj", "{94429F43-74C7-40E0-8996-5AB1EBDA2AF3}"
EndProject
Project("{9A19103F-16F7-4668-BE54-9A1E7A4F7556}") = "Inspector", "Inspector\Inspector.csproj", "{11A5905B-0D99-4B81-AA50-BFCCAC446E22}"
EndProject
Project("{9A19103F-16F7-4668-BE54-9A1E7A4F7556}") = "LoginModule", "xamarin-login-module\LoginModule\LoginModule.csproj", "{DBB1A86B-ED9C-4D92-BC7C-72EDA8269B9F}"
EndProject
Project("{2150E333-8FDC-42A3-9474-1A3956D46DE8}") = "Targets", "Targets", "{6D11A9F7-1A66-4ECD-9F25-2BDC8678C189}"
EndProject
Project("{2150E333-8FDC-42A3-9474-1A3956D46DE8}") = "Modules", "Modules", "{330FF4A1-2CA3-475E-A121-E7F77543C722}"
EndProject
Global
	GlobalSection(SolutionConfigurationPlatforms) = preSolution
		Debug|Any CPU = Debug|Any CPU
		Debug|iPhone = Debug|iPhone
		Debug|iPhoneSimulator = Debug|iPhoneSimulator
		Release|Any CPU = Release|Any CPU
		Release|iPhone = Release|iPhone
		Release|iPhoneSimulator = Release|iPhoneSimulator
	EndGlobalSection
	GlobalSection(ProjectConfigurationPlatforms) = postSolution
		{7E253AA0-FD68-4C1C-9E69-0EA35136AAA3}.Debug|Any CPU.ActiveCfg = Debug|Any CPU
		{7E253AA0-FD68-4C1C-9E69-0EA35136AAA3}.Debug|Any CPU.Build.0 = Debug|Any CPU
		{7E253AA0-FD68-4C1C-9E69-0EA35136AAA3}.Debug|Any CPU.Deploy.0 = Debug|Any CPU
		{7E253AA0-FD68-4C1C-9E69-0EA35136AAA3}.Debug|iPhone.ActiveCfg = Debug|Any CPU
		{7E253AA0-FD68-4C1C-9E69-0EA35136AAA3}.Debug|iPhone.Build.0 = Debug|Any CPU
		{7E253AA0-FD68-4C1C-9E69-0EA35136AAA3}.Debug|iPhoneSimulator.ActiveCfg = Debug|Any CPU
		{7E253AA0-FD68-4C1C-9E69-0EA35136AAA3}.Debug|iPhoneSimulator.Build.0 = Debug|Any CPU
		{7E253AA0-FD68-4C1C-9E69-0EA35136AAA3}.Release|Any CPU.ActiveCfg = Release|Any CPU
		{7E253AA0-FD68-4C1C-9E69-0EA35136AAA3}.Release|Any CPU.Build.0 = Release|Any CPU
		{7E253AA0-FD68-4C1C-9E69-0EA35136AAA3}.Release|iPhone.ActiveCfg = Release|Any CPU
		{7E253AA0-FD68-4C1C-9E69-0EA35136AAA3}.Release|iPhone.Build.0 = Release|Any CPU
		{7E253AA0-FD68-4C1C-9E69-0EA35136AAA3}.Release|iPhoneSimulator.ActiveCfg = Release|Any CPU
		{7E253AA0-FD68-4C1C-9E69-0EA35136AAA3}.Release|iPhoneSimulator.Build.0 = Release|Any CPU
		{94429F43-74C7-40E0-8996-5AB1EBDA2AF3}.Debug|Any CPU.ActiveCfg = Debug|iPhoneSimulator
		{94429F43-74C7-40E0-8996-5AB1EBDA2AF3}.Debug|Any CPU.Build.0 = Debug|iPhoneSimulator
		{94429F43-74C7-40E0-8996-5AB1EBDA2AF3}.Debug|iPhone.ActiveCfg = Debug|iPhone
		{94429F43-74C7-40E0-8996-5AB1EBDA2AF3}.Debug|iPhone.Build.0 = Debug|iPhone
		{94429F43-74C7-40E0-8996-5AB1EBDA2AF3}.Debug|iPhoneSimulator.ActiveCfg = Debug|iPhoneSimulator
		{94429F43-74C7-40E0-8996-5AB1EBDA2AF3}.Debug|iPhoneSimulator.Build.0 = Debug|iPhoneSimulator
		{94429F43-74C7-40E0-8996-5AB1EBDA2AF3}.Release|Any CPU.ActiveCfg = Release|iPhoneSimulator
		{94429F43-74C7-40E0-8996-5AB1EBDA2AF3}.Release|Any CPU.Build.0 = Release|iPhoneSimulator
		{94429F43-74C7-40E0-8996-5AB1EBDA2AF3}.Release|iPhone.ActiveCfg = Release|iPhone
		{94429F43-74C7-40E0-8996-5AB1EBDA2AF3}.Release|iPhone.Build.0 = Release|iPhone
		{94429F43-74C7-40E0-8996-5AB1EBDA2AF3}.Release|iPhoneSimulator.ActiveCfg = Release|iPhoneSimulator
		{94429F43-74C7-40E0-8996-5AB1EBDA2AF3}.Release|iPhoneSimulator.Build.0 = Release|iPhoneSimulator
		{11A5905B-0D99-4B81-AA50-BFCCAC446E22}.Debug|Any CPU.ActiveCfg = Debug|Any CPU
		{11A5905B-0D99-4B81-AA50-BFCCAC446E22}.Debug|Any CPU.Build.0 = Debug|Any CPU
		{11A5905B-0D99-4B81-AA50-BFCCAC446E22}.Debug|iPhone.ActiveCfg = Debug|Any CPU
		{11A5905B-0D99-4B81-AA50-BFCCAC446E22}.Debug|iPhone.Build.0 = Debug|Any CPU
		{11A5905B-0D99-4B81-AA50-BFCCAC446E22}.Debug|iPhoneSimulator.ActiveCfg = Debug|Any CPU
		{11A5905B-0D99-4B81-AA50-BFCCAC446E22}.Debug|iPhoneSimulator.Build.0 = Debug|Any CPU
		{11A5905B-0D99-4B81-AA50-BFCCAC446E22}.Release|Any CPU.ActiveCfg = Release|Any CPU
		{11A5905B-0D99-4B81-AA50-BFCCAC446E22}.Release|Any CPU.Build.0 = Release|Any CPU
		{11A5905B-0D99-4B81-AA50-BFCCAC446E22}.Release|iPhone.ActiveCfg = Release|Any CPU
		{11A5905B-0D99-4B81-AA50-BFCCAC446E22}.Release|iPhone.Build.0 = Release|Any CPU
		{11A5905B-0D99-4B81-AA50-BFCCAC446E22}.Release|iPhoneSimulator.ActiveCfg = Release|Any CPU
		{11A5905B-0D99-4B81-AA50-BFCCAC446E22}.Release|iPhoneSimulator.Build.0 = Release|Any CPU
		{DBB1A86B-ED9C-4D92-BC7C-72EDA8269B9F}.Debug|Any CPU.ActiveCfg = Debug|Any CPU
		{DBB1A86B-ED9C-4D92-BC7C-72EDA8269B9F}.Debug|Any CPU.Build.0 = Debug|Any CPU
		{DBB1A86B-ED9C-4D92-BC7C-72EDA8269B9F}.Debug|iPhone.ActiveCfg = Debug|Any CPU
		{DBB1A86B-ED9C-4D92-BC7C-72EDA8269B9F}.Debug|iPhone.Build.0 = Debug|Any CPU
		{DBB1A86B-ED9C-4D92-BC7C-72EDA8269B9F}.Debug|iPhoneSimulator.ActiveCfg = Debug|Any CPU
		{DBB1A86B-ED9C-4D92-BC7C-72EDA8269B9F}.Debug|iPhoneSimulator.Build.0 = Debug|Any CPU
		{DBB1A86B-ED9C-4D92-BC7C-72EDA8269B9F}.Release|Any CPU.ActiveCfg = Release|Any CPU
		{DBB1A86B-ED9C-4D92-BC7C-72EDA8269B9F}.Release|Any CPU.Build.0 = Release|Any CPU
		{DBB1A86B-ED9C-4D92-BC7C-72EDA8269B9F}.Release|iPhone.ActiveCfg = Release|Any CPU
		{DBB1A86B-ED9C-4D92-BC7C-72EDA8269B9F}.Release|iPhone.Build.0 = Release|Any CPU
		{DBB1A86B-ED9C-4D92-BC7C-72EDA8269B9F}.Release|iPhoneSimulator.ActiveCfg = Release|Any CPU
		{DBB1A86B-ED9C-4D92-BC7C-72EDA8269B9F}.Release|iPhoneSimulator.Build.0 = Release|Any CPU
	EndGlobalSection
	GlobalSection(SolutionProperties) = preSolution
		HideSolutionNode = FALSE
	EndGlobalSection
	GlobalSection(NestedProjects) = preSolution
		{7E253AA0-FD68-4C1C-9E69-0EA35136AAA3} = {6D11A9F7-1A66-4ECD-9F25-2BDC8678C189}
		{94429F43-74C7-40E0-8996-5AB1EBDA2AF3} = {6D11A9F7-1A66-4ECD-9F25-2BDC8678C189}
		{DBB1A86B-ED9C-4D92-BC7C-72EDA8269B9F} = {330FF4A1-2CA3-475E-A121-E7F77543C722}
	EndGlobalSection
	GlobalSection(ExtensibilityGlobals) = postSolution
		SolutionGuid = {EADD099E-C829-4B8B-BE2E-588FE8BEBBF3}
	EndGlobalSection
EndGlobal
